
Microsoft Visual Studio Solution File, Format Version 12.00
# Visual Studio 15
VisualStudioVersion = 15.0.28307.329
MinimumVisualStudioVersion = 10.0.40219.1
Project("{9A19103F-16F7-4668-BE54-9A1E7A4F7556}") = "Kruskal", "Kruskal\Kruskal.csproj", "{6B2FC878-43A9-4207-872E-2F88905314CC}"
EndProject
Project("{2150E333-8FDC-42A3-9474-1A3956D46DE8}") = "test", "test", "{3F5D2500-814B-40CA-B7A6-AF2D2644A9A7}"
EndProject
Project("{9A19103F-16F7-4668-BE54-9A1E7A4F7556}") = "Kruskal.Tests", "..\..\test\Kruskal.Tests\Kruskal.Tests.csproj", "{9FC46E6F-928F-4381-846F-FEB87AA5209B}"
EndProject
Project("{FAE04EC0-301F-11D3-BF4B-00C04F79EFBC}") = "SimpleMst", "SimpleMst\SimpleMst.csproj", "{550EAA4C-3685-4318-9DD9-725DD5BF2ACD}"
EndProject
Global
	GlobalSection(SolutionConfigurationPlatforms) = preSolution
		Debug|Any CPU = Debug|Any CPU
		Release|Any CPU = Release|Any CPU
	EndGlobalSection
	GlobalSection(ProjectConfigurationPlatforms) = postSolution
		{6B2FC878-43A9-4207-872E-2F88905314CC}.Debug|Any CPU.ActiveCfg = Debug|Any CPU
		{6B2FC878-43A9-4207-872E-2F88905314CC}.Debug|Any CPU.Build.0 = Debug|Any CPU
		{6B2FC878-43A9-4207-872E-2F88905314CC}.Release|Any CPU.ActiveCfg = Release|Any CPU
		{6B2FC878-43A9-4207-872E-2F88905314CC}.Release|Any CPU.Build.0 = Release|Any CPU
		{9FC46E6F-928F-4381-846F-FEB87AA5209B}.Debug|Any CPU.ActiveCfg = Debug|Any CPU
		{9FC46E6F-928F-4381-846F-FEB87AA5209B}.Debug|Any CPU.Build.0 = Debug|Any CPU
		{9FC46E6F-928F-4381-846F-FEB87AA5209B}.Release|Any CPU.ActiveCfg = Release|Any CPU
		{9FC46E6F-928F-4381-846F-FEB87AA5209B}.Release|Any CPU.Build.0 = Release|Any CPU
		{550EAA4C-3685-4318-9DD9-725DD5BF2ACD}.Debug|Any CPU.ActiveCfg = Debug|Any CPU
		{550EAA4C-3685-4318-9DD9-725DD5BF2ACD}.Debug|Any CPU.Build.0 = Debug|Any CPU
		{550EAA4C-3685-4318-9DD9-725DD5BF2ACD}.Release|Any CPU.ActiveCfg = Release|Any CPU
		{550EAA4C-3685-4318-9DD9-725DD5BF2ACD}.Release|Any CPU.Build.0 = Release|Any CPU
	EndGlobalSection
	GlobalSection(SolutionProperties) = preSolution
		HideSolutionNode = FALSE
	EndGlobalSection
	GlobalSection(NestedProjects) = preSolution
		{9FC46E6F-928F-4381-846F-FEB87AA5209B} = {3F5D2500-814B-40CA-B7A6-AF2D2644A9A7}
	EndGlobalSection
	GlobalSection(ExtensibilityGlobals) = postSolution
		SolutionGuid = {0DCE2A47-E70F-4906-AA92-4E89395E9A86}
	EndGlobalSection
EndGlobal
